{
  "name": "page-transitions-and-animations-with-swup-master",
  "version": "1.0.0",
  "lockfileVersion": 1,
  "requires": true,
  "dependencies": {
    "delegate": {
      "version": "3.1.3",
      "resolved": "https://registry.npm.taobao.org/delegate/download/delegate-3.1.3.tgz",
      "integrity": "sha1-moJRp3fXAl+qVXN7w7BxdCEnqf0="
    },
    "opencollective-postinstall": {
      "version": "2.0.2",
      "resolved": "https://registry.npm.taobao.org/opencollective-postinstall/download/opencollective-postinstall-2.0.2.tgz",
      "integrity": "sha1-Vlfxvt5ptuM6RZObBh61PTxsOok="
    },
    "swup": {
      "version": "2.0.9",
      "resolved": "https://registry.npm.taobao.org/swup/download/swup-2.0.9.tgz",
      "integrity": "sha1-GTD6lp6DO6Yw98H/Er1gHrL0BGE=",
      "requires": {
        "delegate": "3.1.3",
        "opencollective-postinstall": "^2.0.2"
      }
    }
  }
}
